{
  "requires": true,
  "lockfileVersion": 1,
  "dependencies": {
    "react-native-radio-buttons-group": {
      "version": "1.0.7",
      "resolved": "https://registry.npmjs.org/react-native-radio-buttons-group/-/react-native-radio-buttons-group-1.0.7.tgz",
      "integrity": "sha512-ddBQsmKUNrLli+v/MDkEcYZyRCrKhU+OqzveMPve6ix0D0O7YbwdxSmKJ3NHUItlN/oBOwbi0rFMmOwETdJgqQ=="
    }
  }
}
